// !$*UTF8*$!
{
	archiveVersion = 1;
	classes = {};
	objectVersion = 60;
	objects = {

/* Begin PBXBuildFile section */
		A10000000000000000000001 /* SidecarMain.swift in Sources */ = {isa = PBXBuildFile; fileRef = A10000000000000000000002 /* SidecarMain.swift */; };
		A10000000000000000000003 /* VoiceFlowMLXSidecarCore in Frameworks */ = {isa = PBXBuildFile; productRef = A10000000000000000000004 /* VoiceFlowMLXSidecarCore */; };
/* End PBXBuildFile section */

/* Begin PBXFileReference section */
		A10000000000000000000002 /* SidecarMain.swift */ = {isa = PBXFileReference; lastKnownFileType = sourcecode.swift; path = ../Sources/VoiceFlowMLXSidecar/SidecarMain.swift; sourceTree = "<group>"; };
		A10000000000000000000005 /* voiceflow-mlx-sidecar */ = {isa = PBXFileReference; explicitFileType = "compiled.mach-o.executable"; includeInIndex = 0; path = "voiceflow-mlx-sidecar"; sourceTree = BUILT_PRODUCTS_DIR; };
/* End PBXFileReference section */

/* Begin PBXFrameworksBuildPhase section */
		A10000000000000000000006 /* Frameworks */ = {
			isa = PBXFrameworksBuildPhase;
			buildActionMask = 2147483647;
			files = (A10000000000000000000003 /* VoiceFlowMLXSidecarCore in Frameworks */, );
			runOnlyForDeploymentPostprocessing = 0;
		};
/* End PBXFrameworksBuildPhase section */

/* Begin PBXGroup section */
		A10000000000000000000007 = {
			isa = PBXGroup;
			children = (
				A10000000000000000000008 /* Sources */,
				A10000000000000000000009 /* Products */,
			);
			sourceTree = "<group>";
		};
		A10000000000000000000008 /* Sources */ = {
			isa = PBXGroup;
			children = (A10000000000000000000002 /* SidecarMain.swift */, );
			path = "";
			sourceTree = "<group>";
		};
		A10000000000000000000009 /* Products */ = {
			isa = PBXGroup;
			children = (A10000000000000000000005 /* voiceflow-mlx-sidecar */, );
			name = Products;
			sourceTree = "<group>";
		};
/* End PBXGroup section */

/* Begin PBXNativeTarget section */
		A1000000000000000000000A /* VoiceFlowMLXSidecar */ = {
			isa = PBXNativeTarget;
			buildConfigurationList = A1000000000000000000000B /* Build configuration list for PBXNativeTarget "VoiceFlowMLXSidecar" */;
			buildPhases = (
				A1000000000000000000000C /* Sources */,
				A10000000000000000000006 /* Frameworks */,
				A1000000000000000000000D /* Resources */,
			);
			buildRules = ();
			dependencies = ();
			name = VoiceFlowMLXSidecar;
			packageProductDependencies = (A1000000000000000000000E /* VoiceFlowMLXSidecarCore */, );
			productName = "voiceflow-mlx-sidecar";
			productReference = A10000000000000000000005 /* voiceflow-mlx-sidecar */;
			productType = "com.apple.product-type.tool";
		};
/* End PBXNativeTarget section */

/* Begin PBXProject section */
		A1000000000000000000000F /* Project object */ = {
			isa = PBXProject;
			attributes = {
				BuildIndependentTargetsInParallel = YES;
				LastSwiftUpdateCheck = 2640;
				LastUpgradeCheck = 2640;
				TargetAttributes = { A1000000000000000000000A = {CreatedOnToolsVersion = 26.4.1; }; };
			};
			buildConfigurationList = A10000000000000000000010 /* Build configuration list for PBXProject "VoiceFlowMLXSidecar" */;
			compatibilityVersion = "Xcode 16.0";
			developmentRegion = en;
			hasScannedForEncodings = 0;
			knownRegions = (en, Base, );
			mainGroup = A10000000000000000000007;
			packageReferences = (A10000000000000000000011 /* XCLocalSwiftPackageReference ".." */, );
			productRefGroup = A10000000000000000000009 /* Products */;
			projectDirPath = "";
			projectRoot = "";
			targets = (A1000000000000000000000A /* VoiceFlowMLXSidecar */, );
		};
/* End PBXProject section */

/* Begin PBXResourcesBuildPhase section */
		A1000000000000000000000D /* Resources */ = {
			isa = PBXResourcesBuildPhase;
			buildActionMask = 2147483647;
			files = ();
			runOnlyForDeploymentPostprocessing = 0;
		};
/* End PBXResourcesBuildPhase section */

/* Begin PBXSourcesBuildPhase section */
		A1000000000000000000000C /* Sources */ = {
			isa = PBXSourcesBuildPhase;
			buildActionMask = 2147483647;
			files = (A10000000000000000000001 /* SidecarMain.swift in Sources */, );
			runOnlyForDeploymentPostprocessing = 0;
		};
/* End PBXSourcesBuildPhase section */

/* Begin XCBuildConfiguration section */
		A10000000000000000000012 /* Release */ = {
			isa = XCBuildConfiguration;
			buildSettings = {
				ALWAYS_SEARCH_USER_PATHS = NO;
				ARCHS = arm64;
				CLANG_CXX_LANGUAGE_STANDARD = "gnu++20";
				CODE_SIGNING_ALLOWED = NO;
				CODE_SIGNING_REQUIRED = NO;
				ENABLE_HARDENED_RUNTIME = YES;
				GENERATE_INFOPLIST_FILE = YES;
				MACOSX_DEPLOYMENT_TARGET = 14.0;
				PRODUCT_BUNDLE_IDENTIFIER = com.voiceflow.mlx-sidecar;
				PRODUCT_NAME = "voiceflow-mlx-sidecar";
				SDKROOT = macosx;
				SKIP_INSTALL = YES;
				SWIFT_VERSION = 6.0;
			};
			name = Release;
		};
		A10000000000000000000013 /* Debug */ = {
			isa = XCBuildConfiguration;
			buildSettings = {
				ALWAYS_SEARCH_USER_PATHS = NO;
				ARCHS = arm64;
				CLANG_CXX_LANGUAGE_STANDARD = "gnu++20";
				CODE_SIGNING_ALLOWED = NO;
				CODE_SIGNING_REQUIRED = NO;
				ENABLE_HARDENED_RUNTIME = YES;
				GENERATE_INFOPLIST_FILE = YES;
				MACOSX_DEPLOYMENT_TARGET = 14.0;
				PRODUCT_BUNDLE_IDENTIFIER = com.voiceflow.mlx-sidecar;
				PRODUCT_NAME = "voiceflow-mlx-sidecar";
				SDKROOT = macosx;
				SKIP_INSTALL = YES;
				SWIFT_VERSION = 6.0;
			};
			name = Debug;
		};
		A10000000000000000000014 /* Release */ = {
			isa = XCBuildConfiguration;
			buildSettings = {
				ARCHS = arm64;
				CLANG_CXX_LANGUAGE_STANDARD = "gnu++20";
				CODE_SIGNING_ALLOWED = NO;
				CODE_SIGNING_REQUIRED = NO;
				ENABLE_HARDENED_RUNTIME = YES;
				MACOSX_DEPLOYMENT_TARGET = 14.0;
				SDKROOT = macosx;
			};
			name = Release;
		};
		A10000000000000000000015 /* Debug */ = {
			isa = XCBuildConfiguration;
			buildSettings = {
				ARCHS = arm64;
				CLANG_CXX_LANGUAGE_STANDARD = "gnu++20";
				CODE_SIGNING_ALLOWED = NO;
				CODE_SIGNING_REQUIRED = NO;
				MACOSX_DEPLOYMENT_TARGET = 14.0;
				SDKROOT = macosx;
			};
			name = Debug;
		};
/* End XCBuildConfiguration section */

/* Begin XCConfigurationList section */
		A1000000000000000000000B /* Build configuration list for PBXNativeTarget "VoiceFlowMLXSidecar" */ = {
			isa = XCConfigurationList;
			buildConfigurations = (A10000000000000000000012 /* Release */, A10000000000000000000013 /* Debug */, );
			defaultConfigurationIsVisible = 0;
			defaultConfigurationName = Release;
		};
		A10000000000000000000010 /* Build configuration list for PBXProject "VoiceFlowMLXSidecar" */ = {
			isa = XCConfigurationList;
			buildConfigurations = (A10000000000000000000014 /* Release */, A10000000000000000000015 /* Debug */, );
			defaultConfigurationIsVisible = 0;
			defaultConfigurationName = Release;
		};
/* End XCConfigurationList section */

/* Begin XCLocalSwiftPackageReference section */
		A10000000000000000000011 /* XCLocalSwiftPackageReference ".." */ = {isa = XCLocalSwiftPackageReference; relativePath = ..; };
/* End XCLocalSwiftPackageReference section */

/* Begin XCSwiftPackageProductDependency section */
		A1000000000000000000000E /* VoiceFlowMLXSidecarCore */ = {isa = XCSwiftPackageProductDependency; package = A10000000000000000000011 /* XCLocalSwiftPackageReference ".." */; productName = VoiceFlowMLXSidecarCore; };
/* End XCSwiftPackageProductDependency section */
	};
	rootObject = A1000000000000000000000F /* Project object */;
}
